
Microsoft Visual Studio Solution File, Format Version 12.00
# Visual Studio Version 17
VisualStudioVersion = 17.9.34728.123
MinimumVisualStudioVersion = 10.0.40219.1
Project("{FAE04EC0-301F-11D3-BF4B-00C04F79EFBC}") = "StudentsApp", "StudentsApp\StudentsApp.csproj", "{72BAE7A1-9C82-443C-9556-03AC54A04B54}"
EndProject
Global
	GlobalSection(SolutionConfigurationPlatforms) = preSolution
		Debug|Any CPU = Debug|Any CPU
		Release|Any CPU = Release|Any CPU
	EndGlobalSection
	GlobalSection(ProjectConfigurationPlatforms) = postSolution
		{72BAE7A1-9C82-443C-9556-03AC54A04B54}.Debug|Any CPU.ActiveCfg = Debug|Any CPU
		{72BAE7A1-9C82-443C-9556-03AC54A04B54}.Debug|Any CPU.Build.0 = Debug|Any CPU
		{72BAE7A1-9C82-443C-9556-03AC54A04B54}.Release|Any CPU.ActiveCfg = Release|Any CPU
		{72BAE7A1-9C82-443C-9556-03AC54A04B54}.Release|Any CPU.Build.0 = Release|Any CPU
	EndGlobalSection
	GlobalSection(SolutionProperties) = preSolution
		HideSolutionNode = FALSE
	EndGlobalSection
	GlobalSection(ExtensibilityGlobals) = postSolution
		SolutionGuid = {F6EBDD26-F045-4927-90CE-E81C7BBB3134}
	EndGlobalSection
EndGlobal
